
Microsoft Visual Studio Solution File, Format Version 12.00
# Visual Studio Version 17
VisualStudioVersion = 17.2.32427.441
MinimumVisualStudioVersion = 10.0.40219.1
Project("{9A19103F-16F7-4668-BE54-9A1E7A4F7556}") = "iot-device-simulator", "iot-device-simulator.csproj", "{EDD6D8A5-4E5B-4296-B68A-4300AD06E9F7}"
EndProject
Global
	GlobalSection(SolutionConfigurationPlatforms) = preSolution
		Debug|Any CPU = Debug|Any CPU
		Release|Any CPU = Release|Any CPU
	EndGlobalSection
	GlobalSection(ProjectConfigurationPlatforms) = postSolution
		{EDD6D8A5-4E5B-4296-B68A-4300AD06E9F7}.Debug|Any CPU.ActiveCfg = Debug|Any CPU
		{EDD6D8A5-4E5B-4296-B68A-4300AD06E9F7}.Debug|Any CPU.Build.0 = Debug|Any CPU
		{EDD6D8A5-4E5B-4296-B68A-4300AD06E9F7}.Release|Any CPU.ActiveCfg = Release|Any CPU
		{EDD6D8A5-4E5B-4296-B68A-4300AD06E9F7}.Release|Any CPU.Build.0 = Release|Any CPU
	EndGlobalSection
	GlobalSection(SolutionProperties) = preSolution
		HideSolutionNode = FALSE
	EndGlobalSection
	GlobalSection(ExtensibilityGlobals) = postSolution
		SolutionGuid = {323D2985-E56D-4D6B-AF69-2F0D453D739C}
	EndGlobalSection
EndGlobal
