
Microsoft Visual Studio Solution File, Format Version 12.00
# Visual Studio Version 17
VisualStudioVersion = 17.2.32427.441
MinimumVisualStudioVersion = 10.0.40219.1
Project("{9A19103F-16F7-4668-BE54-9A1E7A4F7556}") = "ImportExportIotDevices", "ImportExportIotDevices.csproj", "{743BA165-6478-4274-AB67-60A21E482640}"
EndProject
Global
	GlobalSection(SolutionConfigurationPlatforms) = preSolution
		Debug|Any CPU = Debug|Any CPU
		Release|Any CPU = Release|Any CPU
	EndGlobalSection
	GlobalSection(ProjectConfigurationPlatforms) = postSolution
		{743BA165-6478-4274-AB67-60A21E482640}.Debug|Any CPU.ActiveCfg = Debug|Any CPU
		{743BA165-6478-4274-AB67-60A21E482640}.Debug|Any CPU.Build.0 = Debug|Any CPU
		{743BA165-6478-4274-AB67-60A21E482640}.Release|Any CPU.ActiveCfg = Release|Any CPU
		{743BA165-6478-4274-AB67-60A21E482640}.Release|Any CPU.Build.0 = Release|Any CPU
	EndGlobalSection
	GlobalSection(SolutionProperties) = preSolution
		HideSolutionNode = FALSE
	EndGlobalSection
	GlobalSection(ExtensibilityGlobals) = postSolution
		SolutionGuid = {B592AB40-935B-40C6-96E8-9C0F94AC1D88}
	EndGlobalSection
EndGlobal
